# This file is @generated by PDM.
# It is not intended for manual editing.

[metadata]
groups = ["default"]
strategy = ["inherit_metadata"]
lock_version = "4.5.0"
content_hash = "sha256:7bb0830f373385ae008e4e905a3ad63b24f628db63b93bc209f9d7f4a8a1a711"

[[metadata.targets]]
requires_python = ">3.11"
